
Microsoft Visual Studio Solution File, Format Version 12.00
# Visual Studio Version 17
VisualStudioVersion = 17.1.32228.430
MinimumVisualStudioVersion = 10.0.40219.1
Project("{FAE04EC0-301F-11D3-BF4B-00C04F79EFBC}") = "TharstenAPI", "TharstenAPI\TharstenAPI.csproj", "{32D18523-AD20-4A54-B482-CA1D8C2945BB}"
EndProject
Project("{F184B08F-C81C-45F6-A57F-5ABD9991F28F}") = "APITester", "APITester\APITester.vbproj", "{CF885140-A503-40E8-97B3-C4A0397E72FD}"
EndProject
Project("{FAE04EC0-301F-11D3-BF4B-00C04F79EFBC}") = "APITester_C", "APITester_C\APITester_C.csproj", "{6E9696B5-582E-4CE1-8494-EC7456DDD5CE}"
EndProject
Global
	GlobalSection(SolutionConfigurationPlatforms) = preSolution
		Debug|Any CPU = Debug|Any CPU
		Release|Any CPU = Release|Any CPU
	EndGlobalSection
	GlobalSection(ProjectConfigurationPlatforms) = postSolution
		{32D18523-AD20-4A54-B482-CA1D8C2945BB}.Debug|Any CPU.ActiveCfg = Debug|Any CPU
		{32D18523-AD20-4A54-B482-CA1D8C2945BB}.Debug|Any CPU.Build.0 = Debug|Any CPU
		{32D18523-AD20-4A54-B482-CA1D8C2945BB}.Release|Any CPU.ActiveCfg = Release|Any CPU
		{32D18523-AD20-4A54-B482-CA1D8C2945BB}.Release|Any CPU.Build.0 = Release|Any CPU
		{CF885140-A503-40E8-97B3-C4A0397E72FD}.Debug|Any CPU.ActiveCfg = Debug|Any CPU
		{CF885140-A503-40E8-97B3-C4A0397E72FD}.Debug|Any CPU.Build.0 = Debug|Any CPU
		{CF885140-A503-40E8-97B3-C4A0397E72FD}.Release|Any CPU.ActiveCfg = Release|Any CPU
		{CF885140-A503-40E8-97B3-C4A0397E72FD}.Release|Any CPU.Build.0 = Release|Any CPU
		{6E9696B5-582E-4CE1-8494-EC7456DDD5CE}.Debug|Any CPU.ActiveCfg = Debug|Any CPU
		{6E9696B5-582E-4CE1-8494-EC7456DDD5CE}.Debug|Any CPU.Build.0 = Debug|Any CPU
		{6E9696B5-582E-4CE1-8494-EC7456DDD5CE}.Release|Any CPU.ActiveCfg = Release|Any CPU
		{6E9696B5-582E-4CE1-8494-EC7456DDD5CE}.Release|Any CPU.Build.0 = Release|Any CPU
	EndGlobalSection
	GlobalSection(SolutionProperties) = preSolution
		HideSolutionNode = FALSE
	EndGlobalSection
	GlobalSection(ExtensibilityGlobals) = postSolution
		SolutionGuid = {6841FA67-FBC3-4814-AE00-A736AF2F6F37}
	EndGlobalSection
EndGlobal
